
Microsoft Visual Studio Solution File, Format Version 12.00
# Visual Studio Express 2012 for Web
Project("{FAE04EC0-301F-11D3-BF4B-00C04F79EFBC}") = "TemplateMangementApp", "TemplateMangementApp\TemplateMangementApp.csproj", "{291E5D46-FAEA-47A0-87DD-83A1990219B4}"
EndProject
Project("{FAE04EC0-301F-11D3-BF4B-00C04F79EFBC}") = "Anewluv.Domain.Data", "..\Nmedia.Anewluv.Services\Domain\Data\Anewluv.Domain.Data\Anewluv.Domain.Data.csproj", "{8E3079E3-2244-47B1-AB1F-EE171398666E}"
EndProject
Project("{FAE04EC0-301F-11D3-BF4B-00C04F79EFBC}") = "Nmedia.Infrastructure.Domain.Data", "..\Nmedia.Infrastructure\LoggingNotificationApiAuth\Domain\Nmedia.Infrastructure.Domain.Data\Nmedia.Infrastructure.Domain.Data.csproj", "{59BC30AF-1691-44EA-BFFA-34B39E334E93}"
EndProject
Global
	GlobalSection(SolutionConfigurationPlatforms) = preSolution
		Debug|Any CPU = Debug|Any CPU
		Release|Any CPU = Release|Any CPU
	EndGlobalSection
	GlobalSection(ProjectConfigurationPlatforms) = postSolution
		{291E5D46-FAEA-47A0-87DD-83A1990219B4}.Debug|Any CPU.ActiveCfg = Debug|Any CPU
		{291E5D46-FAEA-47A0-87DD-83A1990219B4}.Debug|Any CPU.Build.0 = Debug|Any CPU
		{291E5D46-FAEA-47A0-87DD-83A1990219B4}.Release|Any CPU.ActiveCfg = Release|Any CPU
		{291E5D46-FAEA-47A0-87DD-83A1990219B4}.Release|Any CPU.Build.0 = Release|Any CPU
		{8E3079E3-2244-47B1-AB1F-EE171398666E}.Debug|Any CPU.ActiveCfg = Debug|Any CPU
		{8E3079E3-2244-47B1-AB1F-EE171398666E}.Debug|Any CPU.Build.0 = Debug|Any CPU
		{8E3079E3-2244-47B1-AB1F-EE171398666E}.Release|Any CPU.ActiveCfg = Release|Any CPU
		{8E3079E3-2244-47B1-AB1F-EE171398666E}.Release|Any CPU.Build.0 = Release|Any CPU
		{59BC30AF-1691-44EA-BFFA-34B39E334E93}.Debug|Any CPU.ActiveCfg = Debug|Any CPU
		{59BC30AF-1691-44EA-BFFA-34B39E334E93}.Debug|Any CPU.Build.0 = Debug|Any CPU
		{59BC30AF-1691-44EA-BFFA-34B39E334E93}.Release|Any CPU.ActiveCfg = Release|Any CPU
		{59BC30AF-1691-44EA-BFFA-34B39E334E93}.Release|Any CPU.Build.0 = Release|Any CPU
	EndGlobalSection
	GlobalSection(SolutionProperties) = preSolution
		HideSolutionNode = FALSE
	EndGlobalSection
EndGlobal
